{
  "name": "hapi",
  "version": "1.0.0",
  "lockfileVersion": 1,
  "requires": true,
  "dependencies": {
    "@hapi/accept": {
      "version": "3.2.2",
      "resolved": "https://registry.npmjs.org/@hapi/accept/-/accept-3.2.2.tgz",
      "integrity": "sha1-OgM69nvoGWwj+PUaqHVmh7lyx8s=",
      "requires": {
        "@hapi/boom": "7.4.2",
        "@hapi/hoek": "6.2.4"
      }
    },
    "@hapi/address": {
      "version": "2.0.0",
      "resolved": "https://registry.npmjs.org/@hapi/address/-/address-2.0.0.tgz",
      "integrity": "sha1-nwVGnIjLL9Pc1iR3a1TulcMSEmo="
    },
    "@hapi/ammo": {
      "version": "3.1.0",
      "resolved": "https://registry.npmjs.org/@hapi/ammo/-/ammo-3.1.0.tgz",
      "integrity": "sha1-oygey2i/evL/ptD3ZWU2p9I3AO0=",
      "requires": {
        "@hapi/hoek": "6.2.4"
      }
    },
    "@hapi/b64": {
      "version": "4.2.0",
      "resolved": "https://registry.npmjs.org/@hapi/b64/-/b64-4.2.0.tgz",
      "integrity": "sha1-dt4MftduVb+kJwmk+s/olN1B10E=",
      "requires": {
        "@hapi/hoek": "6.2.4"
      }
    },
    "@hapi/boom": {
      "version": "7.4.2",
      "resolved": "https://registry.npmjs.org/@hapi/boom/-/boom-7.4.2.tgz",
      "integrity": "sha1-wWlXzQl5b2wb+0AxvcOdZtbXUMM=",
      "requires": {
        "@hapi/hoek": "6.2.4"
      }
    },
    "@hapi/bounce": {
      "version": "1.3.1",
      "resolved": "https://registry.npmjs.org/@hapi/bounce/-/bounce-1.3.1.tgz",
      "integrity": "sha1-fgAXMA+pKyG8ZwZZDKwI9ghYmeE=",
      "requires": {
        "@hapi/boom": "7.4.2",
        "@hapi/hoek": "8.0.2"
      },
      "dependencies": {
        "@hapi/hoek": {
          "version": "8.0.2",
          "resolved": "https://registry.npmjs.org/@hapi/hoek/-/hoek-8.0.2.tgz",
          "integrity": "sha1-9jpf8A6JGk56qY8REZ+VFcZnIDI="
        }
      }
    },
    "@hapi/bourne": {
      "version": "1.3.2",
      "resolved": "https://registry.npmjs.org/@hapi/bourne/-/bourne-1.3.2.tgz",
      "integrity": "sha1-CnCVreoGckPOMoPhtWuKj0U7JCo="
    },
    "@hapi/call": {
      "version": "5.1.0",
      "resolved": "https://registry.npmjs.org/@hapi/call/-/call-5.1.0.tgz",
      "integrity": "sha1-keTENDGAAxc9ltIR2Q01c2ozlF4=",
      "requires": {
        "@hapi/boom": "7.4.2",
        "@hapi/hoek": "6.2.4"
      }
    },
    "@hapi/catbox": {
      "version": "10.2.1",
      "resolved": "https://registry.npmjs.org/@hapi/catbox/-/catbox-10.2.1.tgz",
      "integrity": "sha1-riH7zdFuTf+AK2lp7i1rxRt+ESg=",
      "requires": {
        "@hapi/boom": "7.4.2",
        "@hapi/hoek": "6.2.4",
        "@hapi/joi": "15.1.0",
        "@hapi/podium": "3.4.0"
      }
    },
    "@hapi/catbox-memory": {
      "version": "3.2.0",
      "resolved": "https://registry.npmjs.org/@hapi/catbox-memory/-/catbox-memory-3.2.0.tgz",
      "integrity": "sha1-TYoZyWA6anT4uwWRYoQQb4tMakg=",
      "requires": {
        "@hapi/boom": "7.4.2",
        "@hapi/hoek": "6.2.4",
        "big-time": "2.0.1"
      }
    },
    "@hapi/content": {
      "version": "4.1.0",
      "resolved": "https://registry.npmjs.org/@hapi/content/-/content-4.1.0.tgz",
      "integrity": "sha1-UmVRaUnKCB6FpD6XwQWP9T/GlxQ=",
      "requires": {
        "@hapi/boom": "7.4.2"
      }
    },
    "@hapi/cryptiles": {
      "version": "4.2.0",
      "resolved": "https://registry.npmjs.org/@hapi/cryptiles/-/cryptiles-4.2.0.tgz",
      "integrity": "sha1-0ivVr6VPPBo7lEpD2t/UxeV0f3I=",
      "requires": {
        "@hapi/boom": "7.4.2"
      }
    },
    "@hapi/file": {
      "version": "1.0.0",
      "resolved": "https://registry.npmjs.org/@hapi/file/-/file-1.0.0.tgz",
      "integrity": "sha1-yRw5/QTbi+1a+C0uAy56TmVVWzg="
    },
    "@hapi/hapi": {
      "version": "17.9.0",
      "resolved": "https://registry.npmjs.org/@hapi/hapi/-/hapi-17.9.0.tgz",
      "integrity": "sha1-wBg2o8OP3d03LVRTt0g+l2Hl1Gs=",
      "requires": {
        "@hapi/accept": "3.2.2",
        "@hapi/ammo": "3.1.0",
        "@hapi/boom": "7.4.2",
        "@hapi/bounce": "1.3.1",
        "@hapi/call": "5.1.0",
        "@hapi/catbox": "10.2.1",
        "@hapi/catbox-memory": "3.2.0",
        "@hapi/heavy": "6.2.0",
        "@hapi/hoek": "6.2.4",
        "@hapi/joi": "15.1.0",
        "@hapi/mimos": "4.1.0",
        "@hapi/podium": "3.4.0",
        "@hapi/shot": "4.1.0",
        "@hapi/somever": "2.1.0",
        "@hapi/statehood": "6.1.0",
        "@hapi/subtext": "6.1.1",
        "@hapi/teamwork": "3.3.1",
        "@hapi/topo": "3.1.2"
      }
    },
    "@hapi/heavy": {
      "version": "6.2.0",
      "resolved": "https://registry.npmjs.org/@hapi/heavy/-/heavy-6.2.0.tgz",
      "integrity": "sha1-tsMFeOHzCrbKF6gYdy8RsRFrqMw=",
      "requires": {
        "@hapi/boom": "7.4.2",
        "@hapi/hoek": "6.2.4",
        "@hapi/joi": "15.1.0"
      }
    },
    "@hapi/hoek": {
      "version": "6.2.4",
      "resolved": "https://registry.npmjs.org/@hapi/hoek/-/hoek-6.2.4.tgz",
      "integrity": "sha1-S5X7rMv7qQGFaQiQvfGi+72hBZU="
    },
    "@hapi/iron": {
      "version": "5.1.0",
      "resolved": "https://registry.npmjs.org/@hapi/iron/-/iron-5.1.0.tgz",
      "integrity": "sha1-w7NHg80Zt7iqvhG3KwzjeB/O4I0=",
      "requires": {
        "@hapi/b64": "4.2.0",
        "@hapi/boom": "7.4.2",
        "@hapi/cryptiles": "4.2.0",
        "@hapi/hoek": "6.2.4"
      }
    },
    "@hapi/joi": {
      "version": "15.1.0",
      "resolved": "https://registry.npmjs.org/@hapi/joi/-/joi-15.1.0.tgz",
      "integrity": "sha1-lAy3SbXFXCarOzTONi6CthYsjno=",
      "requires": {
        "@hapi/address": "2.0.0",
        "@hapi/hoek": "6.2.4",
        "@hapi/marker": "1.0.0",
        "@hapi/topo": "3.1.2"
      }
    },
    "@hapi/marker": {
      "version": "1.0.0",
      "resolved": "https://registry.npmjs.org/@hapi/marker/-/marker-1.0.0.tgz",
      "integrity": "sha1-ZbCysB0b4GMEiGzptLd7G/shp2k="
    },
    "@hapi/mimos": {
      "version": "4.1.0",
      "resolved": "https://registry.npmjs.org/@hapi/mimos/-/mimos-4.1.0.tgz",
      "integrity": "sha1-jDNFyjtwwOEOfp418OAdMUwtTjI=",
      "requires": {
        "@hapi/hoek": "6.2.4",
        "mime-db": "1.40.0"
      }
    },
    "@hapi/nigel": {
      "version": "3.1.0",
      "resolved": "https://registry.npmjs.org/@hapi/nigel/-/nigel-3.1.0.tgz",
      "integrity": "sha1-iPeCIPTwIqW9HWG1lQU2eGFCVZU=",
      "requires": {
        "@hapi/hoek": "6.2.4",
        "@hapi/vise": "3.1.0"
      }
    },
    "@hapi/pez": {
      "version": "4.1.0",
      "resolved": "https://registry.npmjs.org/@hapi/pez/-/pez-4.1.0.tgz",
      "integrity": "sha1-l6iOXRnnVu+9JOX1g9WfqNsdbLo=",
      "requires": {
        "@hapi/b64": "4.2.0",
        "@hapi/boom": "7.4.2",
        "@hapi/content": "4.1.0",
        "@hapi/hoek": "6.2.4",
        "@hapi/nigel": "3.1.0"
      }
    },
    "@hapi/podium": {
      "version": "3.4.0",
      "resolved": "https://registry.npmjs.org/@hapi/podium/-/podium-3.4.0.tgz",
      "integrity": "sha1-NQsqk+sTuLfil+W82LH+om41lgc=",
      "requires": {
        "@hapi/hoek": "6.2.4",
        "@hapi/joi": "15.1.0"
      }
    },
    "@hapi/shot": {
      "version": "4.1.0",
      "resolved": "https://registry.npmjs.org/@hapi/shot/-/shot-4.1.0.tgz",
      "integrity": "sha1-5WS/VHTZMulHvEirNf9WXU4b9Xs=",
      "requires": {
        "@hapi/hoek": "6.2.4",
        "@hapi/joi": "15.1.0"
      }
    },
    "@hapi/somever": {
      "version": "2.1.0",
      "resolved": "https://registry.npmjs.org/@hapi/somever/-/somever-2.1.0.tgz",
      "integrity": "sha1-RszyqFq3djWYKvFapKKMhHcXvb8=",
      "requires": {
        "@hapi/bounce": "1.3.1",
        "@hapi/hoek": "6.2.4"
      }
    },
    "@hapi/statehood": {
      "version": "6.1.0",
      "resolved": "https://registry.npmjs.org/@hapi/statehood/-/statehood-6.1.0.tgz",
      "integrity": "sha1-JoHHONgWKB1qWQKGBUyLnneRFvw=",
      "requires": {
        "@hapi/boom": "7.4.2",
        "@hapi/bounce": "1.3.1",
        "@hapi/bourne": "1.3.2",
        "@hapi/cryptiles": "4.2.0",
        "@hapi/hoek": "6.2.4",
        "@hapi/iron": "5.1.0",
        "@hapi/joi": "15.1.0"
      }
    },
    "@hapi/subtext": {
      "version": "6.1.1",
      "resolved": "https://registry.npmjs.org/@hapi/subtext/-/subtext-6.1.1.tgz",
      "integrity": "sha1-O2O0F1p70GzQ0h8TkSx9gd6Q5tI=",
      "requires": {
        "@hapi/boom": "7.4.2",
        "@hapi/bourne": "1.3.2",
        "@hapi/content": "4.1.0",
        "@hapi/file": "1.0.0",
        "@hapi/hoek": "8.0.2",
        "@hapi/pez": "4.1.0",
        "@hapi/wreck": "15.0.1"
      },
      "dependencies": {
        "@hapi/hoek": {
          "version": "8.0.2",
          "resolved": "https://registry.npmjs.org/@hapi/hoek/-/hoek-8.0.2.tgz",
          "integrity": "sha1-9jpf8A6JGk56qY8REZ+VFcZnIDI="
        }
      }
    },
    "@hapi/teamwork": {
      "version": "3.3.1",
      "resolved": "https://registry.npmjs.org/@hapi/teamwork/-/teamwork-3.3.1.tgz",
      "integrity": "sha1-tS0OxIaC3Hk5Jr1DLiLOsZyRXT8="
    },
    "@hapi/topo": {
      "version": "3.1.2",
      "resolved": "https://registry.npmjs.org/@hapi/topo/-/topo-3.1.2.tgz",
      "integrity": "sha1-V8wTF74ajF9HwST5sOPEnNeEJNI=",
      "requires": {
        "@hapi/hoek": "8.0.2"
      },
      "dependencies": {
        "@hapi/hoek": {
          "version": "8.0.2",
          "resolved": "https://registry.npmjs.org/@hapi/hoek/-/hoek-8.0.2.tgz",
          "integrity": "sha1-9jpf8A6JGk56qY8REZ+VFcZnIDI="
        }
      }
    },
    "@hapi/vise": {
      "version": "3.1.0",
      "resolved": "https://registry.npmjs.org/@hapi/vise/-/vise-3.1.0.tgz",
      "integrity": "sha1-T6cbnnUvNeVRkRXHOkdHmnN1tEU=",
      "requires": {
        "@hapi/hoek": "6.2.4"
      }
    },
    "@hapi/wreck": {
      "version": "15.0.1",
      "resolved": "https://registry.npmjs.org/@hapi/wreck/-/wreck-15.0.1.tgz",
      "integrity": "sha1-ufiBllp+ZJqP/+beJbpBlz7ShBU=",
      "requires": {
        "@hapi/boom": "7.4.2",
        "@hapi/bourne": "1.3.2",
        "@hapi/hoek": "6.2.4"
      }
    },
    "big-time": {
      "version": "2.0.1",
      "resolved": "https://registry.npmjs.org/big-time/-/big-time-2.0.1.tgz",
      "integrity": "sha1-aMffjcMPl+lT8lpnp2rJcTwWyd4="
    },
    "mime-db": {
      "version": "1.40.0",
      "resolved": "https://registry.npmjs.org/mime-db/-/mime-db-1.40.0.tgz",
      "integrity": "sha1-plBX6ZjbCQ9zKmj2wnbTh9QSbDI="
    }
  }
}
